// !$*UTF8*$!
{
	archiveVersion = 1;
	classes = {
	};
	objectVersion = 46;
	objects = {

/* Begin PBXBuildFile section */
		0C27D4B8162CF23B00836E18 /* UIKit.framework in Frameworks */ = {isa = PBXBuildFile; fileRef = 0C27D4B7162CF23B00836E18 /* UIKit.framework */; };
		0C27D4BA162CF23B00836E18 /* Foundation.framework in Frameworks */ = {isa = PBXBuildFile; fileRef = 0C27D4B9162CF23B00836E18 /* Foundation.framework */; };
		0C27D4BC162CF23B00836E18 /* CoreGraphics.framework in Frameworks */ = {isa = PBXBuildFile; fileRef = 0C27D4BB162CF23B00836E18 /* CoreGraphics.framework */; };
		0C27D4C2162CF23B00836E18 /* InfoPlist.strings in Resources */ = {isa = PBXBuildFile; fileRef = 0C27D4C0162CF23B00836E18 /* InfoPlist.strings */; };
		0C27D4C4162CF23B00836E18 /* main.m in Sources */ = {isa = PBXBuildFile; fileRef = 0C27D4C3162CF23B00836E18 /* main.m */; };
		0C27D4C8162CF23B00836E18 /* EstimaterAppDelegate.m in Sources */ = {isa = PBXBuildFile; fileRef = 0C27D4C7162CF23B00836E18 /* EstimaterAppDelegate.m */; };
		0C27D4CB162CF23B00836E18 /* MainStoryboard.storyboard in Resources */ = {isa = PBXBuildFile; fileRef = 0C27D4C9162CF23B00836E18 /* MainStoryboard.storyboard */; };
		0C27D4CE162CF23B00836E18 /* EstimaterViewController.m in Sources */ = {isa = PBXBuildFile; fileRef = 0C27D4CD162CF23B00836E18 /* EstimaterViewController.m */; };
		0C27D4E2162CFDF300836E18 /* TimeViewController.m in Sources */ = {isa = PBXBuildFile; fileRef = 0C27D4E1162CFDF300836E18 /* TimeViewController.m */; };
		C8B762A3162FDB9100E6F056 /* ServiceHelper.m in Sources */ = {isa = PBXBuildFile; fileRef = C8B762A2162FDB9100E6F056 /* ServiceHelper.m */; };
		C8B762BA162FE0E000E6F056 /* NSAlert+MKNetworkKitAdditions.m in Sources */ = {isa = PBXBuildFile; fileRef = C8B762A7162FE0E000E6F056 /* NSAlert+MKNetworkKitAdditions.m */; };
		C8B762BB162FE0E000E6F056 /* NSData+Base64.m in Sources */ = {isa = PBXBuildFile; fileRef = C8B762A9162FE0E000E6F056 /* NSData+Base64.m */; };
		C8B762BC162FE0E000E6F056 /* NSDate+RFC1123.m in Sources */ = {isa = PBXBuildFile; fileRef = C8B762AB162FE0E000E6F056 /* NSDate+RFC1123.m */; };
		C8B762BD162FE0E000E6F056 /* NSDictionary+RequestEncoding.m in Sources */ = {isa = PBXBuildFile; fileRef = C8B762AD162FE0E000E6F056 /* NSDictionary+RequestEncoding.m */; };
		C8B762BE162FE0E000E6F056 /* NSString+MKNetworkKitAdditions.m in Sources */ = {isa = PBXBuildFile; fileRef = C8B762AF162FE0E000E6F056 /* NSString+MKNetworkKitAdditions.m */; };
		C8B762BF162FE0E000E6F056 /* UIAlertView+MKNetworkKitAdditions.m in Sources */ = {isa = PBXBuildFile; fileRef = C8B762B1162FE0E000E6F056 /* UIAlertView+MKNetworkKitAdditions.m */; };
		C8B762C0162FE0E000E6F056 /* MKNetworkEngine.m in Sources */ = {isa = PBXBuildFile; fileRef = C8B762B3162FE0E000E6F056 /* MKNetworkEngine.m */; };
		C8B762C1162FE0E000E6F056 /* MKNetworkOperation.m in Sources */ = {isa = PBXBuildFile; fileRef = C8B762B6162FE0E000E6F056 /* MKNetworkOperation.m */; };
		C8B762C2162FE0E000E6F056 /* Reachability.m in Sources */ = {isa = PBXBuildFile; fileRef = C8B762B9162FE0E000E6F056 /* Reachability.m */; };
		C8B762C9162FE20400E6F056 /* Security.framework in Frameworks */ = {isa = PBXBuildFile; fileRef = C8B762C7162FE12900E6F056 /* Security.framework */; };
		C8B762CA162FE20800E6F056 /* SystemConfiguration.framework in Frameworks */ = {isa = PBXBuildFile; fileRef = C8B762C5162FE11E00E6F056 /* SystemConfiguration.framework */; };
		C8B762CB162FE20A00E6F056 /* CFNetwork.framework in Frameworks */ = {isa = PBXBuildFile; fileRef = C8B762C3162FE10A00E6F056 /* CFNetwork.framework */; };
/* End PBXBuildFile section */

/* Begin PBXFileReference section */
		0C27D4B3162CF23B00836E18 /* Estimater.app */ = {isa = PBXFileReference; explicitFileType = wrapper.application; includeInIndex = 0; path = Estimater.app; sourceTree = BUILT_PRODUCTS_DIR; };
		0C27D4B7162CF23B00836E18 /* UIKit.framework */ = {isa = PBXFileReference; lastKnownFileType = wrapper.framework; name = UIKit.framework; path = System/Library/Frameworks/UIKit.framework; sourceTree = SDKROOT; };
		0C27D4B9162CF23B00836E18 /* Foundation.framework */ = {isa = PBXFileReference; lastKnownFileType = wrapper.framework; name = Foundation.framework; path = System/Library/Frameworks/Foundation.framework; sourceTree = SDKROOT; };
		0C27D4BB162CF23B00836E18 /* CoreGraphics.framework */ = {isa = PBXFileReference; lastKnownFileType = wrapper.framework; name = CoreGraphics.framework; path = System/Library/Frameworks/CoreGraphics.framework; sourceTree = SDKROOT; };
		0C27D4BF162CF23B00836E18 /* Estimater-Info.plist */ = {isa = PBXFileReference; lastKnownFileType = text.plist.xml; path = "Estimater-Info.plist"; sourceTree = "<group>"; };
		0C27D4C1162CF23B00836E18 /* en */ = {isa = PBXFileReference; lastKnownFileType = text.plist.strings; name = en; path = en.lproj/InfoPlist.strings; sourceTree = "<group>"; };
		0C27D4C3162CF23B00836E18 /* main.m */ = {isa = PBXFileReference; lastKnownFileType = sourcecode.c.objc; path = main.m; sourceTree = "<group>"; };
		0C27D4C5162CF23B00836E18 /* Estimater-Prefix.pch */ = {isa = PBXFileReference; lastKnownFileType = sourcecode.c.h; path = "Estimater-Prefix.pch"; sourceTree = "<group>"; };
		0C27D4C6162CF23B00836E18 /* EstimaterAppDelegate.h */ = {isa = PBXFileReference; lastKnownFileType = sourcecode.c.h; path = EstimaterAppDelegate.h; sourceTree = "<group>"; };
		0C27D4C7162CF23B00836E18 /* EstimaterAppDelegate.m */ = {isa = PBXFileReference; lastKnownFileType = sourcecode.c.objc; path = EstimaterAppDelegate.m; sourceTree = "<group>"; };
		0C27D4CA162CF23B00836E18 /* en */ = {isa = PBXFileReference; lastKnownFileType = file.storyboard; name = en; path = en.lproj/MainStoryboard.storyboard; sourceTree = "<group>"; };
		0C27D4CC162CF23B00836E18 /* EstimaterViewController.h */ = {isa = PBXFileReference; lastKnownFileType = sourcecode.c.h; path = EstimaterViewController.h; sourceTree = "<group>"; };
		0C27D4CD162CF23B00836E18 /* EstimaterViewController.m */ = {isa = PBXFileReference; lastKnownFileType = sourcecode.c.objc; path = EstimaterViewController.m; sourceTree = "<group>"; };
		0C27D4E0162CFDF300836E18 /* TimeViewController.h */ = {isa = PBXFileReference; fileEncoding = 4; lastKnownFileType = sourcecode.c.h; path = TimeViewController.h; sourceTree = "<group>"; };
		0C27D4E1162CFDF300836E18 /* TimeViewController.m */ = {isa = PBXFileReference; fileEncoding = 4; lastKnownFileType = sourcecode.c.objc; path = TimeViewController.m; sourceTree = "<group>"; };
		C8B762A1162FDB9100E6F056 /* ServiceHelper.h */ = {isa = PBXFileReference; fileEncoding = 4; lastKnownFileType = sourcecode.c.h; path = ServiceHelper.h; sourceTree = "<group>"; };
		C8B762A2162FDB9100E6F056 /* ServiceHelper.m */ = {isa = PBXFileReference; fileEncoding = 4; lastKnownFileType = sourcecode.c.objc; path = ServiceHelper.m; sourceTree = "<group>"; };
		C8B762A6162FE0E000E6F056 /* NSAlert+MKNetworkKitAdditions.h */ = {isa = PBXFileReference; fileEncoding = 4; lastKnownFileType = sourcecode.c.h; path = "NSAlert+MKNetworkKitAdditions.h"; sourceTree = "<group>"; };
		C8B762A7162FE0E000E6F056 /* NSAlert+MKNetworkKitAdditions.m */ = {isa = PBXFileReference; fileEncoding = 4; lastKnownFileType = sourcecode.c.objc; path = "NSAlert+MKNetworkKitAdditions.m"; sourceTree = "<group>"; };
		C8B762A8162FE0E000E6F056 /* NSData+Base64.h */ = {isa = PBXFileReference; fileEncoding = 4; lastKnownFileType = sourcecode.c.h; path = "NSData+Base64.h"; sourceTree = "<group>"; };
		C8B762A9162FE0E000E6F056 /* NSData+Base64.m */ = {isa = PBXFileReference; fileEncoding = 4; lastKnownFileType = sourcecode.c.objc; path = "NSData+Base64.m"; sourceTree = "<group>"; };
		C8B762AA162FE0E000E6F056 /* NSDate+RFC1123.h */ = {isa = PBXFileReference; fileEncoding = 4; lastKnownFileType = sourcecode.c.h; path = "NSDate+RFC1123.h"; sourceTree = "<group>"; };
		C8B762AB162FE0E000E6F056 /* NSDate+RFC1123.m */ = {isa = PBXFileReference; fileEncoding = 4; lastKnownFileType = sourcecode.c.objc; path = "NSDate+RFC1123.m"; sourceTree = "<group>"; };
		C8B762AC162FE0E000E6F056 /* NSDictionary+RequestEncoding.h */ = {isa = PBXFileReference; fileEncoding = 4; lastKnownFileType = sourcecode.c.h; path = "NSDictionary+RequestEncoding.h"; sourceTree = "<group>"; };
		C8B762AD162FE0E000E6F056 /* NSDictionary+RequestEncoding.m */ = {isa = PBXFileReference; fileEncoding = 4; lastKnownFileType = sourcecode.c.objc; path = "NSDictionary+RequestEncoding.m"; sourceTree = "<group>"; };
		C8B762AE162FE0E000E6F056 /* NSString+MKNetworkKitAdditions.h */ = {isa = PBXFileReference; fileEncoding = 4; lastKnownFileType = sourcecode.c.h; path = "NSString+MKNetworkKitAdditions.h"; sourceTree = "<group>"; };
		C8B762AF162FE0E000E6F056 /* NSString+MKNetworkKitAdditions.m */ = {isa = PBXFileReference; fileEncoding = 4; lastKnownFileType = sourcecode.c.objc; path = "NSString+MKNetworkKitAdditions.m"; sourceTree = "<group>"; };
		C8B762B0162FE0E000E6F056 /* UIAlertView+MKNetworkKitAdditions.h */ = {isa = PBXFileReference; fileEncoding = 4; lastKnownFileType = sourcecode.c.h; path = "UIAlertView+MKNetworkKitAdditions.h"; sourceTree = "<group>"; };
		C8B762B1162FE0E000E6F056 /* UIAlertView+MKNetworkKitAdditions.m */ = {isa = PBXFileReference; fileEncoding = 4; lastKnownFileType = sourcecode.c.objc; path = "UIAlertView+MKNetworkKitAdditions.m"; sourceTree = "<group>"; };
		C8B762B2162FE0E000E6F056 /* MKNetworkEngine.h */ = {isa = PBXFileReference; fileEncoding = 4; lastKnownFileType = sourcecode.c.h; path = MKNetworkEngine.h; sourceTree = "<group>"; };
		C8B762B3162FE0E000E6F056 /* MKNetworkEngine.m */ = {isa = PBXFileReference; fileEncoding = 4; lastKnownFileType = sourcecode.c.objc; path = MKNetworkEngine.m; sourceTree = "<group>"; };
		C8B762B4162FE0E000E6F056 /* MKNetworkKit.h */ = {isa = PBXFileReference; fileEncoding = 4; lastKnownFileType = sourcecode.c.h; path = MKNetworkKit.h; sourceTree = "<group>"; };
		C8B762B5162FE0E000E6F056 /* MKNetworkOperation.h */ = {isa = PBXFileReference; fileEncoding = 4; lastKnownFileType = sourcecode.c.h; path = MKNetworkOperation.h; sourceTree = "<group>"; };
		C8B762B6162FE0E000E6F056 /* MKNetworkOperation.m */ = {isa = PBXFileReference; fileEncoding = 4; lastKnownFileType = sourcecode.c.objc; path = MKNetworkOperation.m; sourceTree = "<group>"; };
		C8B762B8162FE0E000E6F056 /* Reachability.h */ = {isa = PBXFileReference; fileEncoding = 4; lastKnownFileType = sourcecode.c.h; path = Reachability.h; sourceTree = "<group>"; };
		C8B762B9162FE0E000E6F056 /* Reachability.m */ = {isa = PBXFileReference; fileEncoding = 4; lastKnownFileType = sourcecode.c.objc; path = Reachability.m; sourceTree = "<group>"; };
		C8B762C3162FE10A00E6F056 /* CFNetwork.framework */ = {isa = PBXFileReference; lastKnownFileType = wrapper.framework; name = CFNetwork.framework; path = System/Library/Frameworks/CFNetwork.framework; sourceTree = SDKROOT; };
		C8B762C5162FE11E00E6F056 /* SystemConfiguration.framework */ = {isa = PBXFileReference; lastKnownFileType = wrapper.framework; name = SystemConfiguration.framework; path = System/Library/Frameworks/SystemConfiguration.framework; sourceTree = SDKROOT; };
		C8B762C7162FE12900E6F056 /* Security.framework */ = {isa = PBXFileReference; lastKnownFileType = wrapper.framework; name = Security.framework; path = System/Library/Frameworks/Security.framework; sourceTree = SDKROOT; };
/* End PBXFileReference section */

/* Begin PBXFrameworksBuildPhase section */
		0C27D4B0162CF23B00836E18 /* Frameworks */ = {
			isa = PBXFrameworksBuildPhase;
			buildActionMask = 2147483647;
			files = (
				C8B762C9162FE20400E6F056 /* Security.framework in Frameworks */,
				C8B762CA162FE20800E6F056 /* SystemConfiguration.framework in Frameworks */,
				C8B762CB162FE20A00E6F056 /* CFNetwork.framework in Frameworks */,
				0C27D4B8162CF23B00836E18 /* UIKit.framework in Frameworks */,
				0C27D4BA162CF23B00836E18 /* Foundation.framework in Frameworks */,
				0C27D4BC162CF23B00836E18 /* CoreGraphics.framework in Frameworks */,
			);
			runOnlyForDeploymentPostprocessing = 0;
		};
/* End PBXFrameworksBuildPhase section */

/* Begin PBXGroup section */
		0C27D4A8162CF23B00836E18 = {
			isa = PBXGroup;
			children = (
				0C27D4BD162CF23B00836E18 /* Estimater */,
				0C27D4B6162CF23B00836E18 /* Frameworks */,
				0C27D4B4162CF23B00836E18 /* Products */,
			);
			sourceTree = "<group>";
		};
		0C27D4B4162CF23B00836E18 /* Products */ = {
			isa = PBXGroup;
			children = (
				0C27D4B3162CF23B00836E18 /* Estimater.app */,
			);
			name = Products;
			sourceTree = "<group>";
		};
		0C27D4B6162CF23B00836E18 /* Frameworks */ = {
			isa = PBXGroup;
			children = (
				C8B762C7162FE12900E6F056 /* Security.framework */,
				C8B762C5162FE11E00E6F056 /* SystemConfiguration.framework */,
				C8B762C3162FE10A00E6F056 /* CFNetwork.framework */,
				0C27D4B7162CF23B00836E18 /* UIKit.framework */,
				0C27D4B9162CF23B00836E18 /* Foundation.framework */,
				0C27D4BB162CF23B00836E18 /* CoreGraphics.framework */,
			);
			name = Frameworks;
			sourceTree = "<group>";
		};
		0C27D4BD162CF23B00836E18 /* Estimater */ = {
			isa = PBXGroup;
			children = (
				0C27D4C6162CF23B00836E18 /* EstimaterAppDelegate.h */,
				0C27D4C7162CF23B00836E18 /* EstimaterAppDelegate.m */,
				0C27D4C9162CF23B00836E18 /* MainStoryboard.storyboard */,
				0C27D4E0162CFDF300836E18 /* TimeViewController.h */,
				0C27D4E1162CFDF300836E18 /* TimeViewController.m */,
				0C27D4CC162CF23B00836E18 /* EstimaterViewController.h */,
				0C27D4CD162CF23B00836E18 /* EstimaterViewController.m */,
				C8B762A0162FDB5800E6F056 /* Service */,
				0C27D4BE162CF23B00836E18 /* Supporting Files */,
			);
			path = Estimater;
			sourceTree = "<group>";
		};
		0C27D4BE162CF23B00836E18 /* Supporting Files */ = {
			isa = PBXGroup;
			children = (
				0C27D4BF162CF23B00836E18 /* Estimater-Info.plist */,
				0C27D4C0162CF23B00836E18 /* InfoPlist.strings */,
				0C27D4C3162CF23B00836E18 /* main.m */,
				0C27D4C5162CF23B00836E18 /* Estimater-Prefix.pch */,
			);
			name = "Supporting Files";
			sourceTree = "<group>";
		};
		C8B762A0162FDB5800E6F056 /* Service */ = {
			isa = PBXGroup;
			children = (
				C8B762A4162FE0E000E6F056 /* MKNetworkKit */,
				C8B762A1162FDB9100E6F056 /* ServiceHelper.h */,
				C8B762A2162FDB9100E6F056 /* ServiceHelper.m */,
			);
			name = Service;
			sourceTree = "<group>";
		};
		C8B762A4162FE0E000E6F056 /* MKNetworkKit */ = {
			isa = PBXGroup;
			children = (
				C8B762A5162FE0E000E6F056 /* Categories */,
				C8B762B2162FE0E000E6F056 /* MKNetworkEngine.h */,
				C8B762B3162FE0E000E6F056 /* MKNetworkEngine.m */,
				C8B762B4162FE0E000E6F056 /* MKNetworkKit.h */,
				C8B762B5162FE0E000E6F056 /* MKNetworkOperation.h */,
				C8B762B6162FE0E000E6F056 /* MKNetworkOperation.m */,
				C8B762B7162FE0E000E6F056 /* Reachability */,
			);
			path = MKNetworkKit;
			sourceTree = "<group>";
		};
		C8B762A5162FE0E000E6F056 /* Categories */ = {
			isa = PBXGroup;
			children = (
				C8B762A6162FE0E000E6F056 /* NSAlert+MKNetworkKitAdditions.h */,
				C8B762A7162FE0E000E6F056 /* NSAlert+MKNetworkKitAdditions.m */,
				C8B762A8162FE0E000E6F056 /* NSData+Base64.h */,
				C8B762A9162FE0E000E6F056 /* NSData+Base64.m */,
				C8B762AA162FE0E000E6F056 /* NSDate+RFC1123.h */,
				C8B762AB162FE0E000E6F056 /* NSDate+RFC1123.m */,
				C8B762AC162FE0E000E6F056 /* NSDictionary+RequestEncoding.h */,
				C8B762AD162FE0E000E6F056 /* NSDictionary+RequestEncoding.m */,
				C8B762AE162FE0E000E6F056 /* NSString+MKNetworkKitAdditions.h */,
				C8B762AF162FE0E000E6F056 /* NSString+MKNetworkKitAdditions.m */,
				C8B762B0162FE0E000E6F056 /* UIAlertView+MKNetworkKitAdditions.h */,
				C8B762B1162FE0E000E6F056 /* UIAlertView+MKNetworkKitAdditions.m */,
			);
			path = Categories;
			sourceTree = "<group>";
		};
		C8B762B7162FE0E000E6F056 /* Reachability */ = {
			isa = PBXGroup;
			children = (
				C8B762B8162FE0E000E6F056 /* Reachability.h */,
				C8B762B9162FE0E000E6F056 /* Reachability.m */,
			);
			path = Reachability;
			sourceTree = "<group>";
		};
/* End PBXGroup section */

/* Begin PBXNativeTarget section */
		0C27D4B2162CF23B00836E18 /* Estimater */ = {
			isa = PBXNativeTarget;
			buildConfigurationList = 0C27D4D1162CF23B00836E18 /* Build configuration list for PBXNativeTarget "Estimater" */;
			buildPhases = (
				0C27D4AF162CF23B00836E18 /* Sources */,
				0C27D4B0162CF23B00836E18 /* Frameworks */,
				0C27D4B1162CF23B00836E18 /* Resources */,
			);
			buildRules = (
			);
			dependencies = (
			);
			name = Estimater;
			productName = Estimater;
			productReference = 0C27D4B3162CF23B00836E18 /* Estimater.app */;
			productType = "com.apple.product-type.application";
		};
/* End PBXNativeTarget section */

/* Begin PBXProject section */
		0C27D4AA162CF23B00836E18 /* Project object */ = {
			isa = PBXProject;
			attributes = {
				CLASSPREFIX = SelectITT;
				LastUpgradeCheck = 0430;
			};
			buildConfigurationList = 0C27D4AD162CF23B00836E18 /* Build configuration list for PBXProject "Estimater" */;
			compatibilityVersion = "Xcode 3.2";
			developmentRegion = English;
			hasScannedForEncodings = 0;
			knownRegions = (
				en,
			);
			mainGroup = 0C27D4A8162CF23B00836E18;
			productRefGroup = 0C27D4B4162CF23B00836E18 /* Products */;
			projectDirPath = "";
			projectRoot = "";
			targets = (
				0C27D4B2162CF23B00836E18 /* Estimater */,
			);
		};
/* End PBXProject section */

/* Begin PBXResourcesBuildPhase section */
		0C27D4B1162CF23B00836E18 /* Resources */ = {
			isa = PBXResourcesBuildPhase;
			buildActionMask = 2147483647;
			files = (
				0C27D4C2162CF23B00836E18 /* InfoPlist.strings in Resources */,
				0C27D4CB162CF23B00836E18 /* MainStoryboard.storyboard in Resources */,
			);
			runOnlyForDeploymentPostprocessing = 0;
		};
/* End PBXResourcesBuildPhase section */

/* Begin PBXSourcesBuildPhase section */
		0C27D4AF162CF23B00836E18 /* Sources */ = {
			isa = PBXSourcesBuildPhase;
			buildActionMask = 2147483647;
			files = (
				0C27D4C4162CF23B00836E18 /* main.m in Sources */,
				0C27D4C8162CF23B00836E18 /* EstimaterAppDelegate.m in Sources */,
				0C27D4CE162CF23B00836E18 /* EstimaterViewController.m in Sources */,
				0C27D4E2162CFDF300836E18 /* TimeViewController.m in Sources */,
				C8B762A3162FDB9100E6F056 /* ServiceHelper.m in Sources */,
				C8B762BA162FE0E000E6F056 /* NSAlert+MKNetworkKitAdditions.m in Sources */,
				C8B762BB162FE0E000E6F056 /* NSData+Base64.m in Sources */,
				C8B762BC162FE0E000E6F056 /* NSDate+RFC1123.m in Sources */,
				C8B762BD162FE0E000E6F056 /* NSDictionary+RequestEncoding.m in Sources */,
				C8B762BE162FE0E000E6F056 /* NSString+MKNetworkKitAdditions.m in Sources */,
				C8B762BF162FE0E000E6F056 /* UIAlertView+MKNetworkKitAdditions.m in Sources */,
				C8B762C0162FE0E000E6F056 /* MKNetworkEngine.m in Sources */,
				C8B762C1162FE0E000E6F056 /* MKNetworkOperation.m in Sources */,
				C8B762C2162FE0E000E6F056 /* Reachability.m in Sources */,
			);
			runOnlyForDeploymentPostprocessing = 0;
		};
/* End PBXSourcesBuildPhase section */

/* Begin PBXVariantGroup section */
		0C27D4C0162CF23B00836E18 /* InfoPlist.strings */ = {
			isa = PBXVariantGroup;
			children = (
				0C27D4C1162CF23B00836E18 /* en */,
			);
			name = InfoPlist.strings;
			sourceTree = "<group>";
		};
		0C27D4C9162CF23B00836E18 /* MainStoryboard.storyboard */ = {
			isa = PBXVariantGroup;
			children = (
				0C27D4CA162CF23B00836E18 /* en */,
			);
			name = MainStoryboard.storyboard;
			sourceTree = "<group>";
		};
/* End PBXVariantGroup section */

/* Begin XCBuildConfiguration section */
		0C27D4CF162CF23B00836E18 /* Debug */ = {
			isa = XCBuildConfiguration;
			buildSettings = {
				ALWAYS_SEARCH_USER_PATHS = NO;
				ARCHS = "$(ARCHS_STANDARD_32_BIT)";
				CLANG_ENABLE_OBJC_ARC = YES;
				"CODE_SIGN_IDENTITY[sdk=iphoneos*]" = "iPhone Developer";
				COPY_PHASE_STRIP = NO;
				GCC_C_LANGUAGE_STANDARD = gnu99;
				GCC_DYNAMIC_NO_PIC = NO;
				GCC_OPTIMIZATION_LEVEL = 0;
				GCC_PREPROCESSOR_DEFINITIONS = (
					"DEBUG=1",
					"$(inherited)",
				);
				GCC_SYMBOLS_PRIVATE_EXTERN = NO;
				GCC_VERSION = com.apple.compilers.llvm.clang.1_0;
				GCC_WARN_ABOUT_RETURN_TYPE = YES;
				GCC_WARN_UNINITIALIZED_AUTOS = YES;
				GCC_WARN_UNUSED_VARIABLE = YES;
				IPHONEOS_DEPLOYMENT_TARGET = 5.1;
				SDKROOT = iphoneos;
			};
			name = Debug;
		};
		0C27D4D0162CF23B00836E18 /* Release */ = {
			isa = XCBuildConfiguration;
			buildSettings = {
				ALWAYS_SEARCH_USER_PATHS = NO;
				ARCHS = "$(ARCHS_STANDARD_32_BIT)";
				CLANG_ENABLE_OBJC_ARC = YES;
				"CODE_SIGN_IDENTITY[sdk=iphoneos*]" = "iPhone Developer";
				COPY_PHASE_STRIP = YES;
				GCC_C_LANGUAGE_STANDARD = gnu99;
				GCC_VERSION = com.apple.compilers.llvm.clang.1_0;
				GCC_WARN_ABOUT_RETURN_TYPE = YES;
				GCC_WARN_UNINITIALIZED_AUTOS = YES;
				GCC_WARN_UNUSED_VARIABLE = YES;
				IPHONEOS_DEPLOYMENT_TARGET = 5.1;
				OTHER_CFLAGS = "-DNS_BLOCK_ASSERTIONS=1";
				SDKROOT = iphoneos;
				VALIDATE_PRODUCT = YES;
			};
			name = Release;
		};
		0C27D4D2162CF23B00836E18 /* Debug */ = {
			isa = XCBuildConfiguration;
			buildSettings = {
				GCC_PRECOMPILE_PREFIX_HEADER = YES;
				GCC_PREFIX_HEADER = "Estimater/Estimater-Prefix.pch";
				INFOPLIST_FILE = "Estimater/Estimater-Info.plist";
				PRODUCT_NAME = "$(TARGET_NAME)";
				WRAPPER_EXTENSION = app;
			};
			name = Debug;
		};
		0C27D4D3162CF23B00836E18 /* Release */ = {
			isa = XCBuildConfiguration;
			buildSettings = {
				GCC_PRECOMPILE_PREFIX_HEADER = YES;
				GCC_PREFIX_HEADER = "Estimater/Estimater-Prefix.pch";
				INFOPLIST_FILE = "Estimater/Estimater-Info.plist";
				PRODUCT_NAME = "$(TARGET_NAME)";
				WRAPPER_EXTENSION = app;
			};
			name = Release;
		};
/* End XCBuildConfiguration section */

/* Begin XCConfigurationList section */
		0C27D4AD162CF23B00836E18 /* Build configuration list for PBXProject "Estimater" */ = {
			isa = XCConfigurationList;
			buildConfigurations = (
				0C27D4CF162CF23B00836E18 /* Debug */,
				0C27D4D0162CF23B00836E18 /* Release */,
			);
			defaultConfigurationIsVisible = 0;
			defaultConfigurationName = Release;
		};
		0C27D4D1162CF23B00836E18 /* Build configuration list for PBXNativeTarget "Estimater" */ = {
			isa = XCConfigurationList;
			buildConfigurations = (
				0C27D4D2162CF23B00836E18 /* Debug */,
				0C27D4D3162CF23B00836E18 /* Release */,
			);
			defaultConfigurationIsVisible = 0;
			defaultConfigurationName = Release;
		};
/* End XCConfigurationList section */
	};
	rootObject = 0C27D4AA162CF23B00836E18 /* Project object */;
}
