// !$*UTF8*$!
{
	archiveVersion = 1;
	classes = {
	};
	objectVersion = 46;
	objects = {

/* Begin PBXBuildFile section */
		0C27D4B8162CF23B00836E18 /* UIKit.framework in Frameworks */ = {isa = PBXBuildFile; fileRef = 0C27D4B7162CF23B00836E18 /* UIKit.framework */; };
		0C27D4BA162CF23B00836E18 /* Foundation.framework in Frameworks */ = {isa = PBXBuildFile; fileRef = 0C27D4B9162CF23B00836E18 /* Foundation.framework */; };
		0C27D4BC162CF23B00836E18 /* CoreGraphics.framework in Frameworks */ = {isa = PBXBuildFile; fileRef = 0C27D4BB162CF23B00836E18 /* CoreGraphics.framework */; };
		0C27D4C2162CF23B00836E18 /* InfoPlist.strings in Resources */ = {isa = PBXBuildFile; fileRef = 0C27D4C0162CF23B00836E18 /* InfoPlist.strings */; };
		0C27D4C4162CF23B00836E18 /* main.m in Sources */ = {isa = PBXBuildFile; fileRef = 0C27D4C3162CF23B00836E18 /* main.m */; };
		0C27D4C8162CF23B00836E18 /* EstimaterAppDelegate.m in Sources */ = {isa = PBXBuildFile; fileRef = 0C27D4C7162CF23B00836E18 /* EstimaterAppDelegate.m */; };
		0C27D4CB162CF23B00836E18 /* MainStoryboard.storyboard in Resources */ = {isa = PBXBuildFile; fileRef = 0C27D4C9162CF23B00836E18 /* MainStoryboard.storyboard */; };
		0C27D4CE162CF23B00836E18 /* EstimaterViewController.m in Sources */ = {isa = PBXBuildFile; fileRef = 0C27D4CD162CF23B00836E18 /* EstimaterViewController.m */; };
		0C27D4E2162CFDF300836E18 /* TimeViewController.m in Sources */ = {isa = PBXBuildFile; fileRef = 0C27D4E1162CFDF300836E18 /* TimeViewController.m */; };
		2D0C333E5A7944B3939F0555 /* libPods-Estimater.a in Frameworks */ = {isa = PBXBuildFile; fileRef = C5DCDA1C9BF143F5A0A2968E /* libPods-Estimater.a */; };
		C8B762A3162FDB9100E6F056 /* ServiceHelper.m in Sources */ = {isa = PBXBuildFile; fileRef = C8B762A2162FDB9100E6F056 /* ServiceHelper.m */; };
		C8B762C9162FE20400E6F056 /* Security.framework in Frameworks */ = {isa = PBXBuildFile; fileRef = C8B762C7162FE12900E6F056 /* Security.framework */; };
		C8B762CA162FE20800E6F056 /* SystemConfiguration.framework in Frameworks */ = {isa = PBXBuildFile; fileRef = C8B762C5162FE11E00E6F056 /* SystemConfiguration.framework */; };
		C8B762CB162FE20A00E6F056 /* CFNetwork.framework in Frameworks */ = {isa = PBXBuildFile; fileRef = C8B762C3162FE10A00E6F056 /* CFNetwork.framework */; };
/* End PBXBuildFile section */

/* Begin PBXFileReference section */
		0C27D4B3162CF23B00836E18 /* Estimater.app */ = {isa = PBXFileReference; explicitFileType = wrapper.application; includeInIndex = 0; path = Estimater.app; sourceTree = BUILT_PRODUCTS_DIR; };
		0C27D4B7162CF23B00836E18 /* UIKit.framework */ = {isa = PBXFileReference; lastKnownFileType = wrapper.framework; name = UIKit.framework; path = System/Library/Frameworks/UIKit.framework; sourceTree = SDKROOT; };
		0C27D4B9162CF23B00836E18 /* Foundation.framework */ = {isa = PBXFileReference; lastKnownFileType = wrapper.framework; name = Foundation.framework; path = System/Library/Frameworks/Foundation.framework; sourceTree = SDKROOT; };
		0C27D4BB162CF23B00836E18 /* CoreGraphics.framework */ = {isa = PBXFileReference; lastKnownFileType = wrapper.framework; name = CoreGraphics.framework; path = System/Library/Frameworks/CoreGraphics.framework; sourceTree = SDKROOT; };
		0C27D4BF162CF23B00836E18 /* Estimater-Info.plist */ = {isa = PBXFileReference; lastKnownFileType = text.plist.xml; path = "Estimater-Info.plist"; sourceTree = "<group>"; };
		0C27D4C1162CF23B00836E18 /* en */ = {isa = PBXFileReference; lastKnownFileType = text.plist.strings; name = en; path = en.lproj/InfoPlist.strings; sourceTree = "<group>"; };
		0C27D4C3162CF23B00836E18 /* main.m */ = {isa = PBXFileReference; lastKnownFileType = sourcecode.c.objc; path = main.m; sourceTree = "<group>"; };
		0C27D4C5162CF23B00836E18 /* Estimater-Prefix.pch */ = {isa = PBXFileReference; lastKnownFileType = sourcecode.c.h; path = "Estimater-Prefix.pch"; sourceTree = "<group>"; };
		0C27D4C6162CF23B00836E18 /* EstimaterAppDelegate.h */ = {isa = PBXFileReference; lastKnownFileType = sourcecode.c.h; path = EstimaterAppDelegate.h; sourceTree = "<group>"; };
		0C27D4C7162CF23B00836E18 /* EstimaterAppDelegate.m */ = {isa = PBXFileReference; lastKnownFileType = sourcecode.c.objc; path = EstimaterAppDelegate.m; sourceTree = "<group>"; };
		0C27D4CA162CF23B00836E18 /* en */ = {isa = PBXFileReference; lastKnownFileType = file.storyboard; name = en; path = en.lproj/MainStoryboard.storyboard; sourceTree = "<group>"; };
		0C27D4CC162CF23B00836E18 /* EstimaterViewController.h */ = {isa = PBXFileReference; lastKnownFileType = sourcecode.c.h; path = EstimaterViewController.h; sourceTree = "<group>"; };
		0C27D4CD162CF23B00836E18 /* EstimaterViewController.m */ = {isa = PBXFileReference; lastKnownFileType = sourcecode.c.objc; path = EstimaterViewController.m; sourceTree = "<group>"; };
		0C27D4E0162CFDF300836E18 /* TimeViewController.h */ = {isa = PBXFileReference; fileEncoding = 4; lastKnownFileType = sourcecode.c.h; path = TimeViewController.h; sourceTree = "<group>"; };
		0C27D4E1162CFDF300836E18 /* TimeViewController.m */ = {isa = PBXFileReference; fileEncoding = 4; lastKnownFileType = sourcecode.c.objc; path = TimeViewController.m; sourceTree = "<group>"; };
		C5DCDA1C9BF143F5A0A2968E /* libPods-Estimater.a */ = {isa = PBXFileReference; explicitFileType = archive.ar; includeInIndex = 0; path = "libPods-Estimater.a"; sourceTree = BUILT_PRODUCTS_DIR; };
		C8B762A1162FDB9100E6F056 /* ServiceHelper.h */ = {isa = PBXFileReference; fileEncoding = 4; lastKnownFileType = sourcecode.c.h; path = ServiceHelper.h; sourceTree = "<group>"; };
		C8B762A2162FDB9100E6F056 /* ServiceHelper.m */ = {isa = PBXFileReference; fileEncoding = 4; lastKnownFileType = sourcecode.c.objc; path = ServiceHelper.m; sourceTree = "<group>"; };
		C8B762C3162FE10A00E6F056 /* CFNetwork.framework */ = {isa = PBXFileReference; lastKnownFileType = wrapper.framework; name = CFNetwork.framework; path = System/Library/Frameworks/CFNetwork.framework; sourceTree = SDKROOT; };
		C8B762C5162FE11E00E6F056 /* SystemConfiguration.framework */ = {isa = PBXFileReference; lastKnownFileType = wrapper.framework; name = SystemConfiguration.framework; path = System/Library/Frameworks/SystemConfiguration.framework; sourceTree = SDKROOT; };
		C8B762C7162FE12900E6F056 /* Security.framework */ = {isa = PBXFileReference; lastKnownFileType = wrapper.framework; name = Security.framework; path = System/Library/Frameworks/Security.framework; sourceTree = SDKROOT; };
		EA7214033F6049B5A8B42AA5 /* Pods-Estimater.xcconfig */ = {isa = PBXFileReference; includeInIndex = 1; lastKnownFileType = text.xcconfig; name = "Pods-Estimater.xcconfig"; path = "Pods/Pods-Estimater.xcconfig"; sourceTree = "<group>"; };
/* End PBXFileReference section */

/* Begin PBXFrameworksBuildPhase section */
		0C27D4B0162CF23B00836E18 /* Frameworks */ = {
			isa = PBXFrameworksBuildPhase;
			buildActionMask = 2147483647;
			files = (
				C8B762C9162FE20400E6F056 /* Security.framework in Frameworks */,
				C8B762CA162FE20800E6F056 /* SystemConfiguration.framework in Frameworks */,
				C8B762CB162FE20A00E6F056 /* CFNetwork.framework in Frameworks */,
				0C27D4B8162CF23B00836E18 /* UIKit.framework in Frameworks */,
				0C27D4BA162CF23B00836E18 /* Foundation.framework in Frameworks */,
				0C27D4BC162CF23B00836E18 /* CoreGraphics.framework in Frameworks */,
				2D0C333E5A7944B3939F0555 /* libPods-Estimater.a in Frameworks */,
			);
			runOnlyForDeploymentPostprocessing = 0;
		};
/* End PBXFrameworksBuildPhase section */

/* Begin PBXGroup section */
		0C27D4A8162CF23B00836E18 = {
			isa = PBXGroup;
			children = (
				0C27D4BD162CF23B00836E18 /* Estimater */,
				0C27D4B6162CF23B00836E18 /* Frameworks */,
				0C27D4B4162CF23B00836E18 /* Products */,
				EA7214033F6049B5A8B42AA5 /* Pods-Estimater.xcconfig */,
			);
			sourceTree = "<group>";
		};
		0C27D4B4162CF23B00836E18 /* Products */ = {
			isa = PBXGroup;
			children = (
				0C27D4B3162CF23B00836E18 /* Estimater.app */,
			);
			name = Products;
			sourceTree = "<group>";
		};
		0C27D4B6162CF23B00836E18 /* Frameworks */ = {
			isa = PBXGroup;
			children = (
				C8B762C7162FE12900E6F056 /* Security.framework */,
				C8B762C5162FE11E00E6F056 /* SystemConfiguration.framework */,
				C8B762C3162FE10A00E6F056 /* CFNetwork.framework */,
				0C27D4B7162CF23B00836E18 /* UIKit.framework */,
				0C27D4B9162CF23B00836E18 /* Foundation.framework */,
				0C27D4BB162CF23B00836E18 /* CoreGraphics.framework */,
				C5DCDA1C9BF143F5A0A2968E /* libPods-Estimater.a */,
			);
			name = Frameworks;
			sourceTree = "<group>";
		};
		0C27D4BD162CF23B00836E18 /* Estimater */ = {
			isa = PBXGroup;
			children = (
				0C27D4C6162CF23B00836E18 /* EstimaterAppDelegate.h */,
				0C27D4C7162CF23B00836E18 /* EstimaterAppDelegate.m */,
				0C27D4C9162CF23B00836E18 /* MainStoryboard.storyboard */,
				0C27D4E0162CFDF300836E18 /* TimeViewController.h */,
				0C27D4E1162CFDF300836E18 /* TimeViewController.m */,
				0C27D4CC162CF23B00836E18 /* EstimaterViewController.h */,
				0C27D4CD162CF23B00836E18 /* EstimaterViewController.m */,
				C8B762A0162FDB5800E6F056 /* Service */,
				0C27D4BE162CF23B00836E18 /* Supporting Files */,
			);
			path = Estimater;
			sourceTree = "<group>";
		};
		0C27D4BE162CF23B00836E18 /* Supporting Files */ = {
			isa = PBXGroup;
			children = (
				0C27D4BF162CF23B00836E18 /* Estimater-Info.plist */,
				0C27D4C0162CF23B00836E18 /* InfoPlist.strings */,
				0C27D4C3162CF23B00836E18 /* main.m */,
				0C27D4C5162CF23B00836E18 /* Estimater-Prefix.pch */,
			);
			name = "Supporting Files";
			sourceTree = "<group>";
		};
		C8B762A0162FDB5800E6F056 /* Service */ = {
			isa = PBXGroup;
			children = (
				C8B762A1162FDB9100E6F056 /* ServiceHelper.h */,
				C8B762A2162FDB9100E6F056 /* ServiceHelper.m */,
			);
			name = Service;
			sourceTree = "<group>";
		};
/* End PBXGroup section */

/* Begin PBXNativeTarget section */
		0C27D4B2162CF23B00836E18 /* Estimater */ = {
			isa = PBXNativeTarget;
			buildConfigurationList = 0C27D4D1162CF23B00836E18 /* Build configuration list for PBXNativeTarget "Estimater" */;
			buildPhases = (
				CA597EC854F64D5681340D0E /* Check Pods Manifest.lock */,
				0C27D4AF162CF23B00836E18 /* Sources */,
				0C27D4B0162CF23B00836E18 /* Frameworks */,
				0C27D4B1162CF23B00836E18 /* Resources */,
				971DD13813C6497E8BE24E00 /* Copy Pods Resources */,
			);
			buildRules = (
			);
			dependencies = (
			);
			name = Estimater;
			productName = Estimater;
			productReference = 0C27D4B3162CF23B00836E18 /* Estimater.app */;
			productType = "com.apple.product-type.application";
		};
/* End PBXNativeTarget section */

/* Begin PBXProject section */
		0C27D4AA162CF23B00836E18 /* Project object */ = {
			isa = PBXProject;
			attributes = {
				CLASSPREFIX = SelectITT;
				LastUpgradeCheck = 0430;
			};
			buildConfigurationList = 0C27D4AD162CF23B00836E18 /* Build configuration list for PBXProject "Estimater" */;
			compatibilityVersion = "Xcode 3.2";
			developmentRegion = English;
			hasScannedForEncodings = 0;
			knownRegions = (
				en,
			);
			mainGroup = 0C27D4A8162CF23B00836E18;
			productRefGroup = 0C27D4B4162CF23B00836E18 /* Products */;
			projectDirPath = "";
			projectRoot = "";
			targets = (
				0C27D4B2162CF23B00836E18 /* Estimater */,
			);
		};
/* End PBXProject section */

/* Begin PBXResourcesBuildPhase section */
		0C27D4B1162CF23B00836E18 /* Resources */ = {
			isa = PBXResourcesBuildPhase;
			buildActionMask = 2147483647;
			files = (
				0C27D4C2162CF23B00836E18 /* InfoPlist.strings in Resources */,
				0C27D4CB162CF23B00836E18 /* MainStoryboard.storyboard in Resources */,
			);
			runOnlyForDeploymentPostprocessing = 0;
		};
/* End PBXResourcesBuildPhase section */

/* Begin PBXShellScriptBuildPhase section */
		971DD13813C6497E8BE24E00 /* Copy Pods Resources */ = {
			isa = PBXShellScriptBuildPhase;
			buildActionMask = 2147483647;
			files = (
			);
			inputPaths = (
			);
			name = "Copy Pods Resources";
			outputPaths = (
			);
			runOnlyForDeploymentPostprocessing = 0;
			shellPath = /bin/sh;
			shellScript = "\"${SRCROOT}/Pods/Pods-Estimater-resources.sh\"\n";
			showEnvVarsInLog = 0;
		};
		CA597EC854F64D5681340D0E /* Check Pods Manifest.lock */ = {
			isa = PBXShellScriptBuildPhase;
			buildActionMask = 2147483647;
			files = (
			);
			inputPaths = (
			);
			name = "Check Pods Manifest.lock";
			outputPaths = (
			);
			runOnlyForDeploymentPostprocessing = 0;
			shellPath = /bin/sh;
			shellScript = "diff \"${PODS_ROOT}/../Podfile.lock\" \"${PODS_ROOT}/Manifest.lock\" > /dev/null\nif [[ $? != 0 ]] ; then\n    cat << EOM\nerror: The sandbox is not in sync with the Podfile.lock. Run 'pod install' or update your CocoaPods installation.\nEOM\n    exit 1\nfi\n";
			showEnvVarsInLog = 0;
		};
/* End PBXShellScriptBuildPhase section */

/* Begin PBXSourcesBuildPhase section */
		0C27D4AF162CF23B00836E18 /* Sources */ = {
			isa = PBXSourcesBuildPhase;
			buildActionMask = 2147483647;
			files = (
				0C27D4C4162CF23B00836E18 /* main.m in Sources */,
				0C27D4C8162CF23B00836E18 /* EstimaterAppDelegate.m in Sources */,
				0C27D4CE162CF23B00836E18 /* EstimaterViewController.m in Sources */,
				0C27D4E2162CFDF300836E18 /* TimeViewController.m in Sources */,
				C8B762A3162FDB9100E6F056 /* ServiceHelper.m in Sources */,
			);
			runOnlyForDeploymentPostprocessing = 0;
		};
/* End PBXSourcesBuildPhase section */

/* Begin PBXVariantGroup section */
		0C27D4C0162CF23B00836E18 /* InfoPlist.strings */ = {
			isa = PBXVariantGroup;
			children = (
				0C27D4C1162CF23B00836E18 /* en */,
			);
			name = InfoPlist.strings;
			sourceTree = "<group>";
		};
		0C27D4C9162CF23B00836E18 /* MainStoryboard.storyboard */ = {
			isa = PBXVariantGroup;
			children = (
				0C27D4CA162CF23B00836E18 /* en */,
			);
			name = MainStoryboard.storyboard;
			sourceTree = "<group>";
		};
/* End PBXVariantGroup section */

/* Begin XCBuildConfiguration section */
		0C27D4CF162CF23B00836E18 /* Debug */ = {
			isa = XCBuildConfiguration;
			buildSettings = {
				ALWAYS_SEARCH_USER_PATHS = NO;
				ARCHS = "$(ARCHS_STANDARD_32_BIT)";
				CLANG_ENABLE_OBJC_ARC = YES;
				"CODE_SIGN_IDENTITY[sdk=iphoneos*]" = "iPhone Developer";
				COPY_PHASE_STRIP = NO;
				GCC_C_LANGUAGE_STANDARD = gnu99;
				GCC_DYNAMIC_NO_PIC = NO;
				GCC_OPTIMIZATION_LEVEL = 0;
				GCC_PREPROCESSOR_DEFINITIONS = (
					"DEBUG=1",
					"$(inherited)",
				);
				GCC_SYMBOLS_PRIVATE_EXTERN = NO;
				GCC_VERSION = com.apple.compilers.llvm.clang.1_0;
				GCC_WARN_ABOUT_RETURN_TYPE = YES;
				GCC_WARN_UNINITIALIZED_AUTOS = YES;
				GCC_WARN_UNUSED_VARIABLE = YES;
				IPHONEOS_DEPLOYMENT_TARGET = 7.0;
				SDKROOT = iphoneos;
			};
			name = Debug;
		};
		0C27D4D0162CF23B00836E18 /* Release */ = {
			isa = XCBuildConfiguration;
			buildSettings = {
				ALWAYS_SEARCH_USER_PATHS = NO;
				ARCHS = "$(ARCHS_STANDARD_32_BIT)";
				CLANG_ENABLE_OBJC_ARC = YES;
				"CODE_SIGN_IDENTITY[sdk=iphoneos*]" = "iPhone Developer";
				COPY_PHASE_STRIP = YES;
				GCC_C_LANGUAGE_STANDARD = gnu99;
				GCC_VERSION = com.apple.compilers.llvm.clang.1_0;
				GCC_WARN_ABOUT_RETURN_TYPE = YES;
				GCC_WARN_UNINITIALIZED_AUTOS = YES;
				GCC_WARN_UNUSED_VARIABLE = YES;
				IPHONEOS_DEPLOYMENT_TARGET = 7.0;
				OTHER_CFLAGS = "-DNS_BLOCK_ASSERTIONS=1";
				SDKROOT = iphoneos;
				VALIDATE_PRODUCT = YES;
			};
			name = Release;
		};
		0C27D4D2162CF23B00836E18 /* Debug */ = {
			isa = XCBuildConfiguration;
			baseConfigurationReference = EA7214033F6049B5A8B42AA5 /* Pods-Estimater.xcconfig */;
			buildSettings = {
				CODE_SIGN_IDENTITY = "iPhone Developer";
				GCC_PRECOMPILE_PREFIX_HEADER = YES;
				GCC_PREFIX_HEADER = "Estimater/Estimater-Prefix.pch";
				INFOPLIST_FILE = "Estimater/Estimater-Info.plist";
				IPHONEOS_DEPLOYMENT_TARGET = 7.0;
				PRODUCT_NAME = "$(TARGET_NAME)";
				WRAPPER_EXTENSION = app;
			};
			name = Debug;
		};
		0C27D4D3162CF23B00836E18 /* Release */ = {
			isa = XCBuildConfiguration;
			baseConfigurationReference = EA7214033F6049B5A8B42AA5 /* Pods-Estimater.xcconfig */;
			buildSettings = {
				CODE_SIGN_IDENTITY = "iPhone Developer";
				GCC_PRECOMPILE_PREFIX_HEADER = YES;
				GCC_PREFIX_HEADER = "Estimater/Estimater-Prefix.pch";
				INFOPLIST_FILE = "Estimater/Estimater-Info.plist";
				IPHONEOS_DEPLOYMENT_TARGET = 7.0;
				PRODUCT_NAME = "$(TARGET_NAME)";
				WRAPPER_EXTENSION = app;
			};
			name = Release;
		};
/* End XCBuildConfiguration section */

/* Begin XCConfigurationList section */
		0C27D4AD162CF23B00836E18 /* Build configuration list for PBXProject "Estimater" */ = {
			isa = XCConfigurationList;
			buildConfigurations = (
				0C27D4CF162CF23B00836E18 /* Debug */,
				0C27D4D0162CF23B00836E18 /* Release */,
			);
			defaultConfigurationIsVisible = 0;
			defaultConfigurationName = Release;
		};
		0C27D4D1162CF23B00836E18 /* Build configuration list for PBXNativeTarget "Estimater" */ = {
			isa = XCConfigurationList;
			buildConfigurations = (
				0C27D4D2162CF23B00836E18 /* Debug */,
				0C27D4D3162CF23B00836E18 /* Release */,
			);
			defaultConfigurationIsVisible = 0;
			defaultConfigurationName = Release;
		};
/* End XCConfigurationList section */
	};
	rootObject = 0C27D4AA162CF23B00836E18 /* Project object */;
}
