// !$*UTF8*$!
{
	archiveVersion = 1;
	classes = {
	};
	objectVersion = 46;
	objects = {

/* Begin PBXBuildFile section */
		0C27D4B8162CF23B00836E18 /* UIKit.framework in Frameworks */ = {isa = PBXBuildFile; fileRef = 0C27D4B7162CF23B00836E18 /* UIKit.framework */; };
		0C27D4BA162CF23B00836E18 /* Foundation.framework in Frameworks */ = {isa = PBXBuildFile; fileRef = 0C27D4B9162CF23B00836E18 /* Foundation.framework */; };
		0C27D4BC162CF23B00836E18 /* CoreGraphics.framework in Frameworks */ = {isa = PBXBuildFile; fileRef = 0C27D4BB162CF23B00836E18 /* CoreGraphics.framework */; };
		0C27D4C2162CF23B00836E18 /* InfoPlist.strings in Resources */ = {isa = PBXBuildFile; fileRef = 0C27D4C0162CF23B00836E18 /* InfoPlist.strings */; };
		0C27D4C4162CF23B00836E18 /* main.m in Sources */ = {isa = PBXBuildFile; fileRef = 0C27D4C3162CF23B00836E18 /* main.m */; };
		0C27D4C8162CF23B00836E18 /* SelectITTAppDelegate.m in Sources */ = {isa = PBXBuildFile; fileRef = 0C27D4C7162CF23B00836E18 /* SelectITTAppDelegate.m */; };
		0C27D4CB162CF23B00836E18 /* MainStoryboard.storyboard in Resources */ = {isa = PBXBuildFile; fileRef = 0C27D4C9162CF23B00836E18 /* MainStoryboard.storyboard */; };
		0C27D4CE162CF23B00836E18 /* SelectITTViewController.m in Sources */ = {isa = PBXBuildFile; fileRef = 0C27D4CD162CF23B00836E18 /* SelectITTViewController.m */; };
/* End PBXBuildFile section */

/* Begin PBXFileReference section */
		0C27D4B3162CF23B00836E18 /* Estimater.app */ = {isa = PBXFileReference; explicitFileType = wrapper.application; includeInIndex = 0; path = Estimater.app; sourceTree = BUILT_PRODUCTS_DIR; };
		0C27D4B7162CF23B00836E18 /* UIKit.framework */ = {isa = PBXFileReference; lastKnownFileType = wrapper.framework; name = UIKit.framework; path = System/Library/Frameworks/UIKit.framework; sourceTree = SDKROOT; };
		0C27D4B9162CF23B00836E18 /* Foundation.framework */ = {isa = PBXFileReference; lastKnownFileType = wrapper.framework; name = Foundation.framework; path = System/Library/Frameworks/Foundation.framework; sourceTree = SDKROOT; };
		0C27D4BB162CF23B00836E18 /* CoreGraphics.framework */ = {isa = PBXFileReference; lastKnownFileType = wrapper.framework; name = CoreGraphics.framework; path = System/Library/Frameworks/CoreGraphics.framework; sourceTree = SDKROOT; };
		0C27D4BF162CF23B00836E18 /* Estimater-Info.plist */ = {isa = PBXFileReference; path = "Estimater-Info.plist"; sourceTree = "<group>"; };
		0C27D4C1162CF23B00836E18 /* en */ = {isa = PBXFileReference; lastKnownFileType = text.plist.strings; name = en; path = en.lproj/InfoPlist.strings; sourceTree = "<group>"; };
		0C27D4C3162CF23B00836E18 /* main.m */ = {isa = PBXFileReference; lastKnownFileType = sourcecode.c.objc; path = main.m; sourceTree = "<group>"; };
		0C27D4C5162CF23B00836E18 /* Estimater-Prefix.pch */ = {isa = PBXFileReference; path = "Estimater-Prefix.pch"; sourceTree = "<group>"; };
		0C27D4C6162CF23B00836E18 /* SelectITTAppDelegate.h */ = {isa = PBXFileReference; path = SelectITTAppDelegate.h; sourceTree = "<group>"; };
		0C27D4C7162CF23B00836E18 /* SelectITTAppDelegate.m */ = {isa = PBXFileReference; lastKnownFileType = sourcecode.c.objc; path = SelectITTAppDelegate.m; sourceTree = "<group>"; };
		0C27D4CA162CF23B00836E18 /* en */ = {isa = PBXFileReference; lastKnownFileType = file.storyboard; name = en; path = en.lproj/MainStoryboard.storyboard; sourceTree = "<group>"; };
		0C27D4CC162CF23B00836E18 /* SelectITTViewController.h */ = {isa = PBXFileReference; path = SelectITTViewController.h; sourceTree = "<group>"; };
		0C27D4CD162CF23B00836E18 /* SelectITTViewController.m */ = {isa = PBXFileReference; lastKnownFileType = sourcecode.c.objc; path = SelectITTViewController.m; sourceTree = "<group>"; };
/* End PBXFileReference section */

/* Begin PBXFrameworksBuildPhase section */
		0C27D4B0162CF23B00836E18 /* Frameworks */ = {
			isa = PBXFrameworksBuildPhase;
			buildActionMask = 2147483647;
			files = (
				0C27D4B8162CF23B00836E18 /* UIKit.framework in Frameworks */,
				0C27D4BA162CF23B00836E18 /* Foundation.framework in Frameworks */,
				0C27D4BC162CF23B00836E18 /* CoreGraphics.framework in Frameworks */,
			);
			runOnlyForDeploymentPostprocessing = 0;
		};
/* End PBXFrameworksBuildPhase section */

/* Begin PBXGroup section */
		0C27D4A8162CF23B00836E18 = {
			isa = PBXGroup;
			children = (
				0C27D4BD162CF23B00836E18 /* Estimater */,
				0C27D4B6162CF23B00836E18 /* Frameworks */,
				0C27D4B4162CF23B00836E18 /* Products */,
			);
			sourceTree = "<group>";
		};
		0C27D4B4162CF23B00836E18 /* Products */ = {
			isa = PBXGroup;
			children = (
				0C27D4B3162CF23B00836E18 /* Estimater.app */,
			);
			name = Products;
			sourceTree = "<group>";
		};
		0C27D4B6162CF23B00836E18 /* Frameworks */ = {
			isa = PBXGroup;
			children = (
				0C27D4B7162CF23B00836E18 /* UIKit.framework */,
				0C27D4B9162CF23B00836E18 /* Foundation.framework */,
				0C27D4BB162CF23B00836E18 /* CoreGraphics.framework */,
			);
			name = Frameworks;
			sourceTree = "<group>";
		};
		0C27D4BD162CF23B00836E18 /* Estimater */ = {
			isa = PBXGroup;
			children = (
				0C27D4C6162CF23B00836E18 /* SelectITTAppDelegate.h */,
				0C27D4C7162CF23B00836E18 /* SelectITTAppDelegate.m */,
				0C27D4C9162CF23B00836E18 /* MainStoryboard.storyboard */,
				0C27D4CC162CF23B00836E18 /* SelectITTViewController.h */,
				0C27D4CD162CF23B00836E18 /* SelectITTViewController.m */,
				0C27D4BE162CF23B00836E18 /* Supporting Files */,
			);
			path = Estimater;
			sourceTree = "<group>";
		};
		0C27D4BE162CF23B00836E18 /* Supporting Files */ = {
			isa = PBXGroup;
			children = (
				0C27D4BF162CF23B00836E18 /* Estimater-Info.plist */,
				0C27D4C0162CF23B00836E18 /* InfoPlist.strings */,
				0C27D4C3162CF23B00836E18 /* main.m */,
				0C27D4C5162CF23B00836E18 /* Estimater-Prefix.pch */,
			);
			name = "Supporting Files";
			sourceTree = "<group>";
		};
/* End PBXGroup section */

/* Begin PBXNativeTarget section */
		0C27D4B2162CF23B00836E18 /* Estimater */ = {
			isa = PBXNativeTarget;
			buildConfigurationList = 0C27D4D1162CF23B00836E18 /* Build configuration list for PBXNativeTarget "Estimater" */;
			buildPhases = (
				0C27D4AF162CF23B00836E18 /* Sources */,
				0C27D4B0162CF23B00836E18 /* Frameworks */,
				0C27D4B1162CF23B00836E18 /* Resources */,
			);
			buildRules = (
			);
			dependencies = (
			);
			name = Estimater;
			productName = Estimater;
			productReference = 0C27D4B3162CF23B00836E18 /* Estimater.app */;
			productType = "com.apple.product-type.application";
		};
/* End PBXNativeTarget section */

/* Begin PBXProject section */
		0C27D4AA162CF23B00836E18 /* Project object */ = {
			isa = PBXProject;
			attributes = {
				CLASSPREFIX = SelectITT;
				LastUpgradeCheck = 0430;
			};
			buildConfigurationList = 0C27D4AD162CF23B00836E18 /* Build configuration list for PBXProject "Estimater" */;
			compatibilityVersion = "Xcode 3.2";
			developmentRegion = English;
			hasScannedForEncodings = 0;
			knownRegions = (
				en,
			);
			mainGroup = 0C27D4A8162CF23B00836E18;
			productRefGroup = 0C27D4B4162CF23B00836E18 /* Products */;
			projectDirPath = "";
			projectRoot = "";
			targets = (
				0C27D4B2162CF23B00836E18 /* Estimater */,
			);
		};
/* End PBXProject section */

/* Begin PBXResourcesBuildPhase section */
		0C27D4B1162CF23B00836E18 /* Resources */ = {
			isa = PBXResourcesBuildPhase;
			buildActionMask = 2147483647;
			files = (
				0C27D4C2162CF23B00836E18 /* InfoPlist.strings in Resources */,
				0C27D4CB162CF23B00836E18 /* MainStoryboard.storyboard in Resources */,
			);
			runOnlyForDeploymentPostprocessing = 0;
		};
/* End PBXResourcesBuildPhase section */

/* Begin PBXSourcesBuildPhase section */
		0C27D4AF162CF23B00836E18 /* Sources */ = {
			isa = PBXSourcesBuildPhase;
			buildActionMask = 2147483647;
			files = (
				0C27D4C4162CF23B00836E18 /* main.m in Sources */,
				0C27D4C8162CF23B00836E18 /* SelectITTAppDelegate.m in Sources */,
				0C27D4CE162CF23B00836E18 /* SelectITTViewController.m in Sources */,
			);
			runOnlyForDeploymentPostprocessing = 0;
		};
/* End PBXSourcesBuildPhase section */

/* Begin PBXVariantGroup section */
		0C27D4C0162CF23B00836E18 /* InfoPlist.strings */ = {
			isa = PBXVariantGroup;
			children = (
				0C27D4C1162CF23B00836E18 /* en */,
			);
			name = InfoPlist.strings;
			sourceTree = "<group>";
		};
		0C27D4C9162CF23B00836E18 /* MainStoryboard.storyboard */ = {
			isa = PBXVariantGroup;
			children = (
				0C27D4CA162CF23B00836E18 /* en */,
			);
			name = MainStoryboard.storyboard;
			sourceTree = "<group>";
		};
/* End PBXVariantGroup section */

/* Begin XCBuildConfiguration section */
		0C27D4CF162CF23B00836E18 /* Debug */ = {
			isa = XCBuildConfiguration;
			buildSettings = {
				ALWAYS_SEARCH_USER_PATHS = NO;
				ARCHS = "$(ARCHS_STANDARD_32_BIT)";
				CLANG_ENABLE_OBJC_ARC = YES;
				"CODE_SIGN_IDENTITY[sdk=iphoneos*]" = "iPhone Developer";
				COPY_PHASE_STRIP = NO;
				GCC_C_LANGUAGE_STANDARD = gnu99;
				GCC_DYNAMIC_NO_PIC = NO;
				GCC_OPTIMIZATION_LEVEL = 0;
				GCC_PREPROCESSOR_DEFINITIONS = (
					"DEBUG=1",
					"$(inherited)",
				);
				GCC_SYMBOLS_PRIVATE_EXTERN = NO;
				GCC_VERSION = com.apple.compilers.llvm.clang.1_0;
				GCC_WARN_ABOUT_RETURN_TYPE = YES;
				GCC_WARN_UNINITIALIZED_AUTOS = YES;
				GCC_WARN_UNUSED_VARIABLE = YES;
				IPHONEOS_DEPLOYMENT_TARGET = 5.1;
				SDKROOT = iphoneos;
			};
			name = Debug;
		};
		0C27D4D0162CF23B00836E18 /* Release */ = {
			isa = XCBuildConfiguration;
			buildSettings = {
				ALWAYS_SEARCH_USER_PATHS = NO;
				ARCHS = "$(ARCHS_STANDARD_32_BIT)";
				CLANG_ENABLE_OBJC_ARC = YES;
				"CODE_SIGN_IDENTITY[sdk=iphoneos*]" = "iPhone Developer";
				COPY_PHASE_STRIP = YES;
				GCC_C_LANGUAGE_STANDARD = gnu99;
				GCC_VERSION = com.apple.compilers.llvm.clang.1_0;
				GCC_WARN_ABOUT_RETURN_TYPE = YES;
				GCC_WARN_UNINITIALIZED_AUTOS = YES;
				GCC_WARN_UNUSED_VARIABLE = YES;
				IPHONEOS_DEPLOYMENT_TARGET = 5.1;
				OTHER_CFLAGS = "-DNS_BLOCK_ASSERTIONS=1";
				SDKROOT = iphoneos;
				VALIDATE_PRODUCT = YES;
			};
			name = Release;
		};
		0C27D4D2162CF23B00836E18 /* Debug */ = {
			isa = XCBuildConfiguration;
			buildSettings = {
				GCC_PRECOMPILE_PREFIX_HEADER = YES;
				GCC_PREFIX_HEADER = "Estimater/Estimater-Prefix.pch";
				INFOPLIST_FILE = "Estimater/Estimater-Info.plist";
				PRODUCT_NAME = "$(TARGET_NAME)";
				WRAPPER_EXTENSION = app;
			};
			name = Debug;
		};
		0C27D4D3162CF23B00836E18 /* Release */ = {
			isa = XCBuildConfiguration;
			buildSettings = {
				GCC_PRECOMPILE_PREFIX_HEADER = YES;
				GCC_PREFIX_HEADER = "Estimater/Estimater-Prefix.pch";
				INFOPLIST_FILE = "Estimater/Estimater-Info.plist";
				PRODUCT_NAME = "$(TARGET_NAME)";
				WRAPPER_EXTENSION = app;
			};
			name = Release;
		};
/* End XCBuildConfiguration section */

/* Begin XCConfigurationList section */
		0C27D4AD162CF23B00836E18 /* Build configuration list for PBXProject "Estimater" */ = {
			isa = XCConfigurationList;
			buildConfigurations = (
				0C27D4CF162CF23B00836E18 /* Debug */,
				0C27D4D0162CF23B00836E18 /* Release */,
			);
			defaultConfigurationIsVisible = 0;
			defaultConfigurationName = Release;
		};
		0C27D4D1162CF23B00836E18 /* Build configuration list for PBXNativeTarget "Estimater" */ = {
			isa = XCConfigurationList;
			buildConfigurations = (
				0C27D4D2162CF23B00836E18 /* Debug */,
				0C27D4D3162CF23B00836E18 /* Release */,
			);
			defaultConfigurationIsVisible = 0;
		};
/* End XCConfigurationList section */
	};
	rootObject = 0C27D4AA162CF23B00836E18 /* Project object */;
}
